
Microsoft Visual Studio Solution File, Format Version 12.00
# Visual Studio Version 17
VisualStudioVersion = 17.4.33205.214
MinimumVisualStudioVersion = 10.0.40219.1
Project("{8BC9CEB8-8B4A-11D0-8D11-00A0C91BC942}") = "OGRES", "OGRES\OGRES.vcxproj", "{A7B49013-5EC4-4D63-8E1D-0859D76D3B22}"
EndProject
Project("{8BC9CEB8-8B4A-11D0-8D11-00A0C91BC942}") = "OGRES Tests", "OGRES Tests\OGRES Tests.vcxproj", "{C505747B-BAB2-40D4-A0D0-2B53FCCCF4BD}"
EndProject
Global
	GlobalSection(SolutionConfigurationPlatforms) = preSolution
		Debug|x64 = Debug|x64
		Debug|x86 = Debug|x86
		Release|x64 = Release|x64
		Release|x86 = Release|x86
	EndGlobalSection
	GlobalSection(ProjectConfigurationPlatforms) = postSolution
		{A7B49013-5EC4-4D63-8E1D-0859D76D3B22}.Debug|x64.ActiveCfg = Debug|x64
		{A7B49013-5EC4-4D63-8E1D-0859D76D3B22}.Debug|x64.Build.0 = Debug|x64
		{A7B49013-5EC4-4D63-8E1D-0859D76D3B22}.Debug|x86.ActiveCfg = Debug|Win32
		{A7B49013-5EC4-4D63-8E1D-0859D76D3B22}.Debug|x86.Build.0 = Debug|Win32
		{A7B49013-5EC4-4D63-8E1D-0859D76D3B22}.Release|x64.ActiveCfg = Release|x64
		{A7B49013-5EC4-4D63-8E1D-0859D76D3B22}.Release|x64.Build.0 = Release|x64
		{A7B49013-5EC4-4D63-8E1D-0859D76D3B22}.Release|x86.ActiveCfg = Release|Win32
		{A7B49013-5EC4-4D63-8E1D-0859D76D3B22}.Release|x86.Build.0 = Release|Win32
		{C505747B-BAB2-40D4-A0D0-2B53FCCCF4BD}.Debug|x64.ActiveCfg = Debug|x64
		{C505747B-BAB2-40D4-A0D0-2B53FCCCF4BD}.Debug|x64.Build.0 = Debug|x64
		{C505747B-BAB2-40D4-A0D0-2B53FCCCF4BD}.Debug|x86.ActiveCfg = Debug|Win32
		{C505747B-BAB2-40D4-A0D0-2B53FCCCF4BD}.Debug|x86.Build.0 = Debug|Win32
		{C505747B-BAB2-40D4-A0D0-2B53FCCCF4BD}.Release|x64.ActiveCfg = Release|x64
		{C505747B-BAB2-40D4-A0D0-2B53FCCCF4BD}.Release|x64.Build.0 = Release|x64
		{C505747B-BAB2-40D4-A0D0-2B53FCCCF4BD}.Release|x86.ActiveCfg = Release|Win32
		{C505747B-BAB2-40D4-A0D0-2B53FCCCF4BD}.Release|x86.Build.0 = Release|Win32
	EndGlobalSection
	GlobalSection(SolutionProperties) = preSolution
		HideSolutionNode = FALSE
	EndGlobalSection
	GlobalSection(ExtensibilityGlobals) = postSolution
		SolutionGuid = {57FD7003-2DF9-4676-98D5-27FC1CB7CD6D}
	EndGlobalSection
EndGlobal
